
Microsoft Visual Studio Solution File, Format Version 12.00
# Visual Studio 15
VisualStudioVersion = 15.0.28307.421
MinimumVisualStudioVersion = 10.0.40219.1
Project("{FAE04EC0-301F-11D3-BF4B-00C04F79EFBC}") = "CsvOutput", "CsvOutput\CsvOutput.csproj", "{42E9B0AE-3709-4E49-A17B-27451EC88CA0}"
EndProject
Global
	GlobalSection(SolutionConfigurationPlatforms) = preSolution
		Debug|Any CPU = Debug|Any CPU
		Release|Any CPU = Release|Any CPU
	EndGlobalSection
	GlobalSection(ProjectConfigurationPlatforms) = postSolution
		{42E9B0AE-3709-4E49-A17B-27451EC88CA0}.Debug|Any CPU.ActiveCfg = Debug|Any CPU
		{42E9B0AE-3709-4E49-A17B-27451EC88CA0}.Debug|Any CPU.Build.0 = Debug|Any CPU
		{42E9B0AE-3709-4E49-A17B-27451EC88CA0}.Release|Any CPU.ActiveCfg = Release|Any CPU
		{42E9B0AE-3709-4E49-A17B-27451EC88CA0}.Release|Any CPU.Build.0 = Release|Any CPU
	EndGlobalSection
	GlobalSection(SolutionProperties) = preSolution
		HideSolutionNode = FALSE
	EndGlobalSection
	GlobalSection(ExtensibilityGlobals) = postSolution
		SolutionGuid = {4D975287-1C51-43EB-A553-19BB7EDBCEF5}
	EndGlobalSection
EndGlobal
